
Microsoft Visual Studio Solution File, Format Version 12.00
# Visual Studio Version 17
VisualStudioVersion = 17.4.33110.190
MinimumVisualStudioVersion = 10.0.40219.1
Project("{FAE04EC0-301F-11D3-BF4B-00C04F79EFBC}") = "TcKimlikDoğrulama", "TcKimlikDoğrulama\TcKimlikDoğrulama.csproj", "{CD9966D4-44A0-4E7A-BEFA-C2F1BE4B0B15}"
EndProject
Global
	GlobalSection(SolutionConfigurationPlatforms) = preSolution
		Debug|Any CPU = Debug|Any CPU
		Release|Any CPU = Release|Any CPU
	EndGlobalSection
	GlobalSection(ProjectConfigurationPlatforms) = postSolution
		{CD9966D4-44A0-4E7A-BEFA-C2F1BE4B0B15}.Debug|Any CPU.ActiveCfg = Debug|Any CPU
		{CD9966D4-44A0-4E7A-BEFA-C2F1BE4B0B15}.Debug|Any CPU.Build.0 = Debug|Any CPU
		{CD9966D4-44A0-4E7A-BEFA-C2F1BE4B0B15}.Release|Any CPU.ActiveCfg = Release|Any CPU
		{CD9966D4-44A0-4E7A-BEFA-C2F1BE4B0B15}.Release|Any CPU.Build.0 = Release|Any CPU
	EndGlobalSection
	GlobalSection(SolutionProperties) = preSolution
		HideSolutionNode = FALSE
	EndGlobalSection
	GlobalSection(ExtensibilityGlobals) = postSolution
		SolutionGuid = {2EC61B1B-E11B-4102-BE43-D01830EA7290}
	EndGlobalSection
EndGlobal
